
Microsoft Visual Studio Solution File, Format Version 12.00
# Visual Studio Version 17
VisualStudioVersion = 17.2.32630.192
MinimumVisualStudioVersion = 10.0.40219.1
Project("{9A19103F-16F7-4668-BE54-9A1E7A4F7556}") = "SwitchPatterns", "Lesson3\SwitchPatterns\SwitchPatterns.csproj", "{4834B614-4B87-4241-A511-38BE58F776F1}"
EndProject
Project("{9A19103F-16F7-4668-BE54-9A1E7A4F7556}") = "NullableTypes", "Lesson3\NullableTypes\NullableTypes.csproj", "{CE23B12A-8D1B-4009-B614-9D9DF171E429}"
EndProject
Project("{9A19103F-16F7-4668-BE54-9A1E7A4F7556}") = "Operators", "Lesson3\Operators\Operators.csproj", "{3F1EF09C-377E-4B02-9F65-D446089D2E8E}"
EndProject
Project("{2150E333-8FDC-42A3-9474-1A3956D46DE8}") = "Lesson3", "Lesson3", "{00059425-2FBF-46E4-8ED4-86E1CCB994EC}"
EndProject
Project("{2150E333-8FDC-42A3-9474-1A3956D46DE8}") = "Lesson2", "Lesson2", "{8191EBDF-2834-4F8B-A3B2-2122DD67AFB9}"
EndProject
Project("{9A19103F-16F7-4668-BE54-9A1E7A4F7556}") = "Loops", "Lesson2\Loops\Loops.csproj", "{1E8E4866-1472-47EE-A968-BB0A386C1137}"
EndProject
Project("{2150E333-8FDC-42A3-9474-1A3956D46DE8}") = "Lesson4", "Lesson4", "{D29AFBE8-2937-4B58-BFA6-473AA79DE47F}"
EndProject
Project("{9A19103F-16F7-4668-BE54-9A1E7A4F7556}") = "Operators", "Lesson4\Operators\Operators.csproj", "{1EEF5A60-9078-40F8-8408-53D6C050E2AA}"
EndProject
Project("{9A19103F-16F7-4668-BE54-9A1E7A4F7556}") = "Arrays", "Lesson4\Arrays\Arrays.csproj", "{A2590DDB-4339-4F80-8A38-93BACE6B0B88}"
EndProject
Project("{9A19103F-16F7-4668-BE54-9A1E7A4F7556}") = "DataTypes", "Lesson4\DataTypes\DataTypes.csproj", "{B33E8DBD-8C44-40A3-BFA5-61D542357C5E}"
EndProject
Project("{2150E333-8FDC-42A3-9474-1A3956D46DE8}") = "Lesson5", "Lesson5", "{6FAF3C45-203E-4BF1-9076-6E94225738C7}"
EndProject
Project("{9A19103F-16F7-4668-BE54-9A1E7A4F7556}") = "Functions", "Lesson5\Functions\Functions.csproj", "{C56CEAFD-E612-43E5-AB62-733B0EE5E405}"
EndProject
Project("{9A19103F-16F7-4668-BE54-9A1E7A4F7556}") = "QuizApp", "Lesson5\QuizApp\QuizApp.csproj", "{8739709A-3F64-492D-9916-3387DF269CEA}"
EndProject
Project("{9A19103F-16F7-4668-BE54-9A1E7A4F7556}") = "Collections", "Lesson5\Collections\Collections.csproj", "{4D8ABBAD-3447-46E4-A658-93C2E8E40412}"
EndProject
Project("{2150E333-8FDC-42A3-9474-1A3956D46DE8}") = "Lesson6", "Lesson6", "{84CE1B54-2529-478E-BEEE-3457EE9E6985}"
EndProject
Project("{9A19103F-16F7-4668-BE54-9A1E7A4F7556}") = "Functions", "Lesson6\Functions\Functions.csproj", "{18E27975-20E3-46FA-9774-69624BA8BDCA}"
EndProject
Project("{9A19103F-16F7-4668-BE54-9A1E7A4F7556}") = "Tuples", "Lesson6\Tuples\Tuples.csproj", "{88A9F879-2DA2-4D87-B5DC-21C9232630C8}"
EndProject
Project("{9A19103F-16F7-4668-BE54-9A1E7A4F7556}") = "Enums", "Lesson6\Enums\Enums.csproj", "{59DB7A33-98FC-4B99-9AA8-95A09BD8DA02}"
EndProject
Project("{9A19103F-16F7-4668-BE54-9A1E7A4F7556}") = "QuizApp", "Lesson6\QuizApp\QuizApp.csproj", "{4543BBBF-CBFC-4CF2-9A00-38C8DE1301BF}"
EndProject
Project("{2150E333-8FDC-42A3-9474-1A3956D46DE8}") = "Lesson7", "Lesson7", "{3C6DB0EC-0E4E-4FB3-AA11-EE52E9D619B8}"
EndProject
Project("{9A19103F-16F7-4668-BE54-9A1E7A4F7556}") = "Dictionaries", "Lesson7\Dictionaries\Dictionaries.csproj", "{1198B814-6DCD-4A23-A0ED-E72EC1ABE91D}"
EndProject
Project("{2150E333-8FDC-42A3-9474-1A3956D46DE8}") = "Lesson8", "Lesson8", "{D08AA621-0D12-4FF2-BE7F-2C8042DE58DD}"
EndProject
Project("{9A19103F-16F7-4668-BE54-9A1E7A4F7556}") = "Arrays", "Lesson8\Arrays\Arrays.csproj", "{3C8410B3-46E3-43B2-AD4F-D31DBFEFD491}"
EndProject
Project("{9A19103F-16F7-4668-BE54-9A1E7A4F7556}") = "Structs", "Lesson8\Structs\Structs.csproj", "{61093B61-E428-4098-9C6E-00B1CD1717B5}"
EndProject
Project("{9A19103F-16F7-4668-BE54-9A1E7A4F7556}") = "Strings", "Lesson8\Strings\Strings.csproj", "{00682E2C-05B6-4B21-8C33-8C6092491EBD}"
EndProject
Project("{2150E333-8FDC-42A3-9474-1A3956D46DE8}") = "Lesson9", "Lesson9", "{3174CE1A-5397-469B-8F2C-75E7640087D0}"
EndProject
Project("{9A19103F-16F7-4668-BE54-9A1E7A4F7556}") = "QuizApp", "Lesson9\QuizApp\QuizApp.csproj", "{8FBF2710-743C-4BCD-BE34-B5263EA4BC1B}"
EndProject
Project("{9A19103F-16F7-4668-BE54-9A1E7A4F7556}") = "History", "Lesson9\History\History.csproj", "{3E575EDF-F357-4F57-9234-4DBA3627B6C2}"
EndProject
Project("{2150E333-8FDC-42A3-9474-1A3956D46DE8}") = "Lesson10", "Lesson10", "{2AE6D10C-9B32-445F-883D-A3915EFED85B}"
EndProject
Project("{9A19103F-16F7-4668-BE54-9A1E7A4F7556}") = "Structs", "Lesson10\Structs\Structs.csproj", "{5AC77ED3-8871-4D1E-B3B4-E6070E24B226}"
EndProject
Project("{9A19103F-16F7-4668-BE54-9A1E7A4F7556}") = "QuizApp.Bot.Console", "Lesson10\QuizApp.Bot.Console\QuizApp.Bot.Console.csproj", "{37E82DD5-5AA2-4482-B5AB-618A6BDCCE6F}"
EndProject
Project("{9A19103F-16F7-4668-BE54-9A1E7A4F7556}") = "History", "Lesson10\History\History.csproj", "{2BF8E2B0-0602-4D8A-BC44-C53DB28FE4AC}"
EndProject
Project("{2150E333-8FDC-42A3-9474-1A3956D46DE8}") = "Lesson11", "Lesson11", "{2EAACF8E-742B-49AE-8A22-7F0AE667E225}"
EndProject
Project("{9A19103F-16F7-4668-BE54-9A1E7A4F7556}") = "QuizApp.Bot.Console", "Lesson11\QuizApp.Bot.Console\QuizApp.Bot.Console.csproj", "{5A65EA83-9B65-4842-8A60-8DF89D3C39F9}"
EndProject
Project("{2150E333-8FDC-42A3-9474-1A3956D46DE8}") = "Lesson12_13", "Lesson12_13", "{650D6514-A494-4F01-867A-2E02F7FFF920}"
EndProject
Project("{9A19103F-16F7-4668-BE54-9A1E7A4F7556}") = "Classes", "Lesson12\Classes\Classes.csproj", "{763C6815-7553-4747-A87E-43A764519998}"
EndProject
Project("{9A19103F-16F7-4668-BE54-9A1E7A4F7556}") = "QuizApp.Bot.Console", "Lesson12\QuizApp.Bot.Console\QuizApp.Bot.Console.csproj", "{E5F25BEC-4B13-41F2-A0FF-4E5A3770236B}"
EndProject
Project("{9A19103F-16F7-4668-BE54-9A1E7A4F7556}") = "WritingReadingFiles", "Lesson12\WritingReadingFiles\WritingReadingFiles.csproj", "{A88BC311-AF82-4271-9B71-121490C3916A}"
EndProject
Project("{2150E333-8FDC-42A3-9474-1A3956D46DE8}") = "Lesson14", "Lesson14", "{987D8455-D278-4DC7-8064-48CC751E570C}"
EndProject
Project("{9A19103F-16F7-4668-BE54-9A1E7A4F7556}") = "Namespaces", "Lesson14\Namespaces\Namespaces.csproj", "{4C69FE76-6873-4E46-8758-58BBC22D32C7}"
EndProject
Project("{9A19103F-16F7-4668-BE54-9A1E7A4F7556}") = "AccessModifiers", "Lesson14\AccessModifiers\AccessModifiers.csproj", "{4FC8BE21-17B6-400F-87AE-ED00D7A36DBB}"
EndProject
Project("{9A19103F-16F7-4668-BE54-9A1E7A4F7556}") = "QuizApp.Bot.Console", "Lesson14\QuizApp.Bot.Console\QuizApp.Bot.Console.csproj", "{E3FC1389-44A7-47E7-8C4F-948FB55B1D96}"
EndProject
Project("{2150E333-8FDC-42A3-9474-1A3956D46DE8}") = "Lesson15", "Lesson15", "{89522E5A-7929-4BA1-B9BA-335BB774B1B7}"
EndProject
Project("{9A19103F-16F7-4668-BE54-9A1E7A4F7556}") = "StaticObjectKeyword", "Lesson15\StaticObjectKeyword\StaticObjectKeyword.csproj", "{63F747E9-9D76-45C0-839B-078FDD2332C7}"
EndProject
Project("{2150E333-8FDC-42A3-9474-1A3956D46DE8}") = "Lesson16", "Lesson16", "{AC94760D-7BE0-4692-91AE-4C9442E14768}"
EndProject
Project("{9A19103F-16F7-4668-BE54-9A1E7A4F7556}") = "TryCatch", "Lesson16\TryCatch\TryCatch.csproj", "{D1E74B09-07EA-4280-B89B-178F54A146A6}"
EndProject
Project("{9A19103F-16F7-4668-BE54-9A1E7A4F7556}") = "StackQueue", "Lesson16\StackQueue\StackQueue.csproj", "{7D923E98-EAA7-4E20-979F-1422BF2E2B32}"
EndProject
Project("{9A19103F-16F7-4668-BE54-9A1E7A4F7556}") = "QuizApp.Bot.Console", "Lesson16\QuizApp.Bot.Console\QuizApp.Bot.Console.csproj", "{A77865FF-EC44-49BA-AB2A-C513664644AD}"
EndProject
Project("{2150E333-8FDC-42A3-9474-1A3956D46DE8}") = "Lesson17", "Lesson17", "{E50F4EA3-9DC3-4CD3-9B7F-4DB7FEF4F27E}"
EndProject
Project("{9A19103F-16F7-4668-BE54-9A1E7A4F7556}") = "ReadonlyConst", "Lesson17\ReadonlyConst\ReadonlyConst.csproj", "{F5934B66-1216-40BE-AC01-D39E5F9058DA}"
EndProject
Project("{2150E333-8FDC-42A3-9474-1A3956D46DE8}") = "Projects", "Projects", "{D779D179-725A-4CCA-8384-63489E1E6D4C}"
EndProject
Project("{9A19103F-16F7-4668-BE54-9A1E7A4F7556}") = "Avtotest.Bot.Console", "Projects\Avtotest.Bot.Console\Avtotest.Bot.Console.csproj", "{B17567BE-0CAD-4FDD-81A8-5021ACD29CE5}"
EndProject
Project("{2150E333-8FDC-42A3-9474-1A3956D46DE8}") = "Lesson21", "Lesson21", "{5671795C-4BB4-47B7-B50A-B4D6EF579759}"
EndProject
Project("{FAE04EC0-301F-11D3-BF4B-00C04F79EFBC}") = "Inheritances", "Lesson21\Inheritances\Inheritances.csproj", "{C4564B92-3124-4373-996F-AA49D0618889}"
EndProject
Project("{FAE04EC0-301F-11D3-BF4B-00C04F79EFBC}") = "Inheritances2", "Lesson21\Inheritances2\Inheritances2.csproj", "{AB34A209-A75B-49F9-9B7B-BABDBA56CCC6}"
EndProject
Project("{FAE04EC0-301F-11D3-BF4B-00C04F79EFBC}") = "Inheritance", "Lesson21\Inheritance\Inheritance.csproj", "{882C4112-206D-4908-B46F-9DC67CA97A56}"
EndProject
Global
	GlobalSection(SolutionConfigurationPlatforms) = preSolution
		Debug|Any CPU = Debug|Any CPU
		Release|Any CPU = Release|Any CPU
	EndGlobalSection
	GlobalSection(ProjectConfigurationPlatforms) = postSolution
		{4834B614-4B87-4241-A511-38BE58F776F1}.Debug|Any CPU.ActiveCfg = Debug|Any CPU
		{4834B614-4B87-4241-A511-38BE58F776F1}.Debug|Any CPU.Build.0 = Debug|Any CPU
		{4834B614-4B87-4241-A511-38BE58F776F1}.Release|Any CPU.ActiveCfg = Release|Any CPU
		{4834B614-4B87-4241-A511-38BE58F776F1}.Release|Any CPU.Build.0 = Release|Any CPU
		{CE23B12A-8D1B-4009-B614-9D9DF171E429}.Debug|Any CPU.ActiveCfg = Debug|Any CPU
		{CE23B12A-8D1B-4009-B614-9D9DF171E429}.Debug|Any CPU.Build.0 = Debug|Any CPU
		{CE23B12A-8D1B-4009-B614-9D9DF171E429}.Release|Any CPU.ActiveCfg = Release|Any CPU
		{CE23B12A-8D1B-4009-B614-9D9DF171E429}.Release|Any CPU.Build.0 = Release|Any CPU
		{3F1EF09C-377E-4B02-9F65-D446089D2E8E}.Debug|Any CPU.ActiveCfg = Debug|Any CPU
		{3F1EF09C-377E-4B02-9F65-D446089D2E8E}.Debug|Any CPU.Build.0 = Debug|Any CPU
		{3F1EF09C-377E-4B02-9F65-D446089D2E8E}.Release|Any CPU.ActiveCfg = Release|Any CPU
		{3F1EF09C-377E-4B02-9F65-D446089D2E8E}.Release|Any CPU.Build.0 = Release|Any CPU
		{1E8E4866-1472-47EE-A968-BB0A386C1137}.Debug|Any CPU.ActiveCfg = Debug|Any CPU
		{1E8E4866-1472-47EE-A968-BB0A386C1137}.Debug|Any CPU.Build.0 = Debug|Any CPU
		{1E8E4866-1472-47EE-A968-BB0A386C1137}.Release|Any CPU.ActiveCfg = Release|Any CPU
		{1E8E4866-1472-47EE-A968-BB0A386C1137}.Release|Any CPU.Build.0 = Release|Any CPU
		{1EEF5A60-9078-40F8-8408-53D6C050E2AA}.Debug|Any CPU.ActiveCfg = Debug|Any CPU
		{1EEF5A60-9078-40F8-8408-53D6C050E2AA}.Debug|Any CPU.Build.0 = Debug|Any CPU
		{1EEF5A60-9078-40F8-8408-53D6C050E2AA}.Release|Any CPU.ActiveCfg = Release|Any CPU
		{1EEF5A60-9078-40F8-8408-53D6C050E2AA}.Release|Any CPU.Build.0 = Release|Any CPU
		{A2590DDB-4339-4F80-8A38-93BACE6B0B88}.Debug|Any CPU.ActiveCfg = Debug|Any CPU
		{A2590DDB-4339-4F80-8A38-93BACE6B0B88}.Debug|Any CPU.Build.0 = Debug|Any CPU
		{A2590DDB-4339-4F80-8A38-93BACE6B0B88}.Release|Any CPU.ActiveCfg = Release|Any CPU
		{A2590DDB-4339-4F80-8A38-93BACE6B0B88}.Release|Any CPU.Build.0 = Release|Any CPU
		{B33E8DBD-8C44-40A3-BFA5-61D542357C5E}.Debug|Any CPU.ActiveCfg = Debug|Any CPU
		{B33E8DBD-8C44-40A3-BFA5-61D542357C5E}.Debug|Any CPU.Build.0 = Debug|Any CPU
		{B33E8DBD-8C44-40A3-BFA5-61D542357C5E}.Release|Any CPU.ActiveCfg = Release|Any CPU
		{B33E8DBD-8C44-40A3-BFA5-61D542357C5E}.Release|Any CPU.Build.0 = Release|Any CPU
		{C56CEAFD-E612-43E5-AB62-733B0EE5E405}.Debug|Any CPU.ActiveCfg = Debug|Any CPU
		{C56CEAFD-E612-43E5-AB62-733B0EE5E405}.Debug|Any CPU.Build.0 = Debug|Any CPU
		{C56CEAFD-E612-43E5-AB62-733B0EE5E405}.Release|Any CPU.ActiveCfg = Release|Any CPU
		{C56CEAFD-E612-43E5-AB62-733B0EE5E405}.Release|Any CPU.Build.0 = Release|Any CPU
		{8739709A-3F64-492D-9916-3387DF269CEA}.Debug|Any CPU.ActiveCfg = Debug|Any CPU
		{8739709A-3F64-492D-9916-3387DF269CEA}.Debug|Any CPU.Build.0 = Debug|Any CPU
		{8739709A-3F64-492D-9916-3387DF269CEA}.Release|Any CPU.ActiveCfg = Release|Any CPU
		{8739709A-3F64-492D-9916-3387DF269CEA}.Release|Any CPU.Build.0 = Release|Any CPU
		{4D8ABBAD-3447-46E4-A658-93C2E8E40412}.Debug|Any CPU.ActiveCfg = Debug|Any CPU
		{4D8ABBAD-3447-46E4-A658-93C2E8E40412}.Debug|Any CPU.Build.0 = Debug|Any CPU
		{4D8ABBAD-3447-46E4-A658-93C2E8E40412}.Release|Any CPU.ActiveCfg = Release|Any CPU
		{4D8ABBAD-3447-46E4-A658-93C2E8E40412}.Release|Any CPU.Build.0 = Release|Any CPU
		{18E27975-20E3-46FA-9774-69624BA8BDCA}.Debug|Any CPU.ActiveCfg = Debug|Any CPU
		{18E27975-20E3-46FA-9774-69624BA8BDCA}.Debug|Any CPU.Build.0 = Debug|Any CPU
		{18E27975-20E3-46FA-9774-69624BA8BDCA}.Release|Any CPU.ActiveCfg = Release|Any CPU
		{18E27975-20E3-46FA-9774-69624BA8BDCA}.Release|Any CPU.Build.0 = Release|Any CPU
		{88A9F879-2DA2-4D87-B5DC-21C9232630C8}.Debug|Any CPU.ActiveCfg = Debug|Any CPU
		{88A9F879-2DA2-4D87-B5DC-21C9232630C8}.Debug|Any CPU.Build.0 = Debug|Any CPU
		{88A9F879-2DA2-4D87-B5DC-21C9232630C8}.Release|Any CPU.ActiveCfg = Release|Any CPU
		{88A9F879-2DA2-4D87-B5DC-21C9232630C8}.Release|Any CPU.Build.0 = Release|Any CPU
		{59DB7A33-98FC-4B99-9AA8-95A09BD8DA02}.Debug|Any CPU.ActiveCfg = Debug|Any CPU
		{59DB7A33-98FC-4B99-9AA8-95A09BD8DA02}.Debug|Any CPU.Build.0 = Debug|Any CPU
		{59DB7A33-98FC-4B99-9AA8-95A09BD8DA02}.Release|Any CPU.ActiveCfg = Release|Any CPU
		{59DB7A33-98FC-4B99-9AA8-95A09BD8DA02}.Release|Any CPU.Build.0 = Release|Any CPU
		{4543BBBF-CBFC-4CF2-9A00-38C8DE1301BF}.Debug|Any CPU.ActiveCfg = Debug|Any CPU
		{4543BBBF-CBFC-4CF2-9A00-38C8DE1301BF}.Debug|Any CPU.Build.0 = Debug|Any CPU
		{4543BBBF-CBFC-4CF2-9A00-38C8DE1301BF}.Release|Any CPU.ActiveCfg = Release|Any CPU
		{4543BBBF-CBFC-4CF2-9A00-38C8DE1301BF}.Release|Any CPU.Build.0 = Release|Any CPU
		{1198B814-6DCD-4A23-A0ED-E72EC1ABE91D}.Debug|Any CPU.ActiveCfg = Debug|Any CPU
		{1198B814-6DCD-4A23-A0ED-E72EC1ABE91D}.Debug|Any CPU.Build.0 = Debug|Any CPU
		{1198B814-6DCD-4A23-A0ED-E72EC1ABE91D}.Release|Any CPU.ActiveCfg = Release|Any CPU
		{1198B814-6DCD-4A23-A0ED-E72EC1ABE91D}.Release|Any CPU.Build.0 = Release|Any CPU
		{3C8410B3-46E3-43B2-AD4F-D31DBFEFD491}.Debug|Any CPU.ActiveCfg = Debug|Any CPU
		{3C8410B3-46E3-43B2-AD4F-D31DBFEFD491}.Debug|Any CPU.Build.0 = Debug|Any CPU
		{3C8410B3-46E3-43B2-AD4F-D31DBFEFD491}.Release|Any CPU.ActiveCfg = Release|Any CPU
		{3C8410B3-46E3-43B2-AD4F-D31DBFEFD491}.Release|Any CPU.Build.0 = Release|Any CPU
		{61093B61-E428-4098-9C6E-00B1CD1717B5}.Debug|Any CPU.ActiveCfg = Debug|Any CPU
		{61093B61-E428-4098-9C6E-00B1CD1717B5}.Debug|Any CPU.Build.0 = Debug|Any CPU
		{61093B61-E428-4098-9C6E-00B1CD1717B5}.Release|Any CPU.ActiveCfg = Release|Any CPU
		{61093B61-E428-4098-9C6E-00B1CD1717B5}.Release|Any CPU.Build.0 = Release|Any CPU
		{00682E2C-05B6-4B21-8C33-8C6092491EBD}.Debug|Any CPU.ActiveCfg = Debug|Any CPU
		{00682E2C-05B6-4B21-8C33-8C6092491EBD}.Debug|Any CPU.Build.0 = Debug|Any CPU
		{00682E2C-05B6-4B21-8C33-8C6092491EBD}.Release|Any CPU.ActiveCfg = Release|Any CPU
		{00682E2C-05B6-4B21-8C33-8C6092491EBD}.Release|Any CPU.Build.0 = Release|Any CPU
		{8FBF2710-743C-4BCD-BE34-B5263EA4BC1B}.Debug|Any CPU.ActiveCfg = Debug|Any CPU
		{8FBF2710-743C-4BCD-BE34-B5263EA4BC1B}.Debug|Any CPU.Build.0 = Debug|Any CPU
		{8FBF2710-743C-4BCD-BE34-B5263EA4BC1B}.Release|Any CPU.ActiveCfg = Release|Any CPU
		{8FBF2710-743C-4BCD-BE34-B5263EA4BC1B}.Release|Any CPU.Build.0 = Release|Any CPU
		{3E575EDF-F357-4F57-9234-4DBA3627B6C2}.Debug|Any CPU.ActiveCfg = Debug|Any CPU
		{3E575EDF-F357-4F57-9234-4DBA3627B6C2}.Debug|Any CPU.Build.0 = Debug|Any CPU
		{3E575EDF-F357-4F57-9234-4DBA3627B6C2}.Release|Any CPU.ActiveCfg = Release|Any CPU
		{3E575EDF-F357-4F57-9234-4DBA3627B6C2}.Release|Any CPU.Build.0 = Release|Any CPU
		{5AC77ED3-8871-4D1E-B3B4-E6070E24B226}.Debug|Any CPU.ActiveCfg = Debug|Any CPU
		{5AC77ED3-8871-4D1E-B3B4-E6070E24B226}.Debug|Any CPU.Build.0 = Debug|Any CPU
		{5AC77ED3-8871-4D1E-B3B4-E6070E24B226}.Release|Any CPU.ActiveCfg = Release|Any CPU
		{5AC77ED3-8871-4D1E-B3B4-E6070E24B226}.Release|Any CPU.Build.0 = Release|Any CPU
		{37E82DD5-5AA2-4482-B5AB-618A6BDCCE6F}.Debug|Any CPU.ActiveCfg = Debug|Any CPU
		{37E82DD5-5AA2-4482-B5AB-618A6BDCCE6F}.Debug|Any CPU.Build.0 = Debug|Any CPU
		{37E82DD5-5AA2-4482-B5AB-618A6BDCCE6F}.Release|Any CPU.ActiveCfg = Release|Any CPU
		{37E82DD5-5AA2-4482-B5AB-618A6BDCCE6F}.Release|Any CPU.Build.0 = Release|Any CPU
		{2BF8E2B0-0602-4D8A-BC44-C53DB28FE4AC}.Debug|Any CPU.ActiveCfg = Debug|Any CPU
		{2BF8E2B0-0602-4D8A-BC44-C53DB28FE4AC}.Debug|Any CPU.Build.0 = Debug|Any CPU
		{2BF8E2B0-0602-4D8A-BC44-C53DB28FE4AC}.Release|Any CPU.ActiveCfg = Release|Any CPU
		{2BF8E2B0-0602-4D8A-BC44-C53DB28FE4AC}.Release|Any CPU.Build.0 = Release|Any CPU
		{5A65EA83-9B65-4842-8A60-8DF89D3C39F9}.Debug|Any CPU.ActiveCfg = Debug|Any CPU
		{5A65EA83-9B65-4842-8A60-8DF89D3C39F9}.Debug|Any CPU.Build.0 = Debug|Any CPU
		{5A65EA83-9B65-4842-8A60-8DF89D3C39F9}.Release|Any CPU.ActiveCfg = Release|Any CPU
		{5A65EA83-9B65-4842-8A60-8DF89D3C39F9}.Release|Any CPU.Build.0 = Release|Any CPU
		{763C6815-7553-4747-A87E-43A764519998}.Debug|Any CPU.ActiveCfg = Debug|Any CPU
		{763C6815-7553-4747-A87E-43A764519998}.Debug|Any CPU.Build.0 = Debug|Any CPU
		{763C6815-7553-4747-A87E-43A764519998}.Release|Any CPU.ActiveCfg = Release|Any CPU
		{763C6815-7553-4747-A87E-43A764519998}.Release|Any CPU.Build.0 = Release|Any CPU
		{E5F25BEC-4B13-41F2-A0FF-4E5A3770236B}.Debug|Any CPU.ActiveCfg = Debug|Any CPU
		{E5F25BEC-4B13-41F2-A0FF-4E5A3770236B}.Debug|Any CPU.Build.0 = Debug|Any CPU
		{E5F25BEC-4B13-41F2-A0FF-4E5A3770236B}.Release|Any CPU.ActiveCfg = Release|Any CPU
		{E5F25BEC-4B13-41F2-A0FF-4E5A3770236B}.Release|Any CPU.Build.0 = Release|Any CPU
		{A88BC311-AF82-4271-9B71-121490C3916A}.Debug|Any CPU.ActiveCfg = Debug|Any CPU
		{A88BC311-AF82-4271-9B71-121490C3916A}.Debug|Any CPU.Build.0 = Debug|Any CPU
		{A88BC311-AF82-4271-9B71-121490C3916A}.Release|Any CPU.ActiveCfg = Release|Any CPU
		{A88BC311-AF82-4271-9B71-121490C3916A}.Release|Any CPU.Build.0 = Release|Any CPU
		{4C69FE76-6873-4E46-8758-58BBC22D32C7}.Debug|Any CPU.ActiveCfg = Debug|Any CPU
		{4C69FE76-6873-4E46-8758-58BBC22D32C7}.Debug|Any CPU.Build.0 = Debug|Any CPU
		{4C69FE76-6873-4E46-8758-58BBC22D32C7}.Release|Any CPU.ActiveCfg = Release|Any CPU
		{4C69FE76-6873-4E46-8758-58BBC22D32C7}.Release|Any CPU.Build.0 = Release|Any CPU
		{4FC8BE21-17B6-400F-87AE-ED00D7A36DBB}.Debug|Any CPU.ActiveCfg = Debug|Any CPU
		{4FC8BE21-17B6-400F-87AE-ED00D7A36DBB}.Debug|Any CPU.Build.0 = Debug|Any CPU
		{4FC8BE21-17B6-400F-87AE-ED00D7A36DBB}.Release|Any CPU.ActiveCfg = Release|Any CPU
		{4FC8BE21-17B6-400F-87AE-ED00D7A36DBB}.Release|Any CPU.Build.0 = Release|Any CPU
		{E3FC1389-44A7-47E7-8C4F-948FB55B1D96}.Debug|Any CPU.ActiveCfg = Debug|Any CPU
		{E3FC1389-44A7-47E7-8C4F-948FB55B1D96}.Debug|Any CPU.Build.0 = Debug|Any CPU
		{E3FC1389-44A7-47E7-8C4F-948FB55B1D96}.Release|Any CPU.ActiveCfg = Release|Any CPU
		{E3FC1389-44A7-47E7-8C4F-948FB55B1D96}.Release|Any CPU.Build.0 = Release|Any CPU
		{63F747E9-9D76-45C0-839B-078FDD2332C7}.Debug|Any CPU.ActiveCfg = Debug|Any CPU
		{63F747E9-9D76-45C0-839B-078FDD2332C7}.Debug|Any CPU.Build.0 = Debug|Any CPU
		{63F747E9-9D76-45C0-839B-078FDD2332C7}.Release|Any CPU.ActiveCfg = Release|Any CPU
		{63F747E9-9D76-45C0-839B-078FDD2332C7}.Release|Any CPU.Build.0 = Release|Any CPU
		{D1E74B09-07EA-4280-B89B-178F54A146A6}.Debug|Any CPU.ActiveCfg = Debug|Any CPU
		{D1E74B09-07EA-4280-B89B-178F54A146A6}.Debug|Any CPU.Build.0 = Debug|Any CPU
		{D1E74B09-07EA-4280-B89B-178F54A146A6}.Release|Any CPU.ActiveCfg = Release|Any CPU
		{D1E74B09-07EA-4280-B89B-178F54A146A6}.Release|Any CPU.Build.0 = Release|Any CPU
		{7D923E98-EAA7-4E20-979F-1422BF2E2B32}.Debug|Any CPU.ActiveCfg = Debug|Any CPU
		{7D923E98-EAA7-4E20-979F-1422BF2E2B32}.Debug|Any CPU.Build.0 = Debug|Any CPU
		{7D923E98-EAA7-4E20-979F-1422BF2E2B32}.Release|Any CPU.ActiveCfg = Release|Any CPU
		{7D923E98-EAA7-4E20-979F-1422BF2E2B32}.Release|Any CPU.Build.0 = Release|Any CPU
		{A77865FF-EC44-49BA-AB2A-C513664644AD}.Debug|Any CPU.ActiveCfg = Debug|Any CPU
		{A77865FF-EC44-49BA-AB2A-C513664644AD}.Debug|Any CPU.Build.0 = Debug|Any CPU
		{A77865FF-EC44-49BA-AB2A-C513664644AD}.Release|Any CPU.ActiveCfg = Release|Any CPU
		{A77865FF-EC44-49BA-AB2A-C513664644AD}.Release|Any CPU.Build.0 = Release|Any CPU
		{F5934B66-1216-40BE-AC01-D39E5F9058DA}.Debug|Any CPU.ActiveCfg = Debug|Any CPU
		{F5934B66-1216-40BE-AC01-D39E5F9058DA}.Debug|Any CPU.Build.0 = Debug|Any CPU
		{F5934B66-1216-40BE-AC01-D39E5F9058DA}.Release|Any CPU.ActiveCfg = Release|Any CPU
		{F5934B66-1216-40BE-AC01-D39E5F9058DA}.Release|Any CPU.Build.0 = Release|Any CPU
		{B17567BE-0CAD-4FDD-81A8-5021ACD29CE5}.Debug|Any CPU.ActiveCfg = Debug|Any CPU
		{B17567BE-0CAD-4FDD-81A8-5021ACD29CE5}.Debug|Any CPU.Build.0 = Debug|Any CPU
		{B17567BE-0CAD-4FDD-81A8-5021ACD29CE5}.Release|Any CPU.ActiveCfg = Release|Any CPU
		{B17567BE-0CAD-4FDD-81A8-5021ACD29CE5}.Release|Any CPU.Build.0 = Release|Any CPU
		{C4564B92-3124-4373-996F-AA49D0618889}.Debug|Any CPU.ActiveCfg = Debug|Any CPU
		{C4564B92-3124-4373-996F-AA49D0618889}.Debug|Any CPU.Build.0 = Debug|Any CPU
		{C4564B92-3124-4373-996F-AA49D0618889}.Release|Any CPU.ActiveCfg = Release|Any CPU
		{C4564B92-3124-4373-996F-AA49D0618889}.Release|Any CPU.Build.0 = Release|Any CPU
		{AB34A209-A75B-49F9-9B7B-BABDBA56CCC6}.Debug|Any CPU.ActiveCfg = Debug|Any CPU
		{AB34A209-A75B-49F9-9B7B-BABDBA56CCC6}.Debug|Any CPU.Build.0 = Debug|Any CPU
		{AB34A209-A75B-49F9-9B7B-BABDBA56CCC6}.Release|Any CPU.ActiveCfg = Release|Any CPU
		{AB34A209-A75B-49F9-9B7B-BABDBA56CCC6}.Release|Any CPU.Build.0 = Release|Any CPU
		{882C4112-206D-4908-B46F-9DC67CA97A56}.Debug|Any CPU.ActiveCfg = Debug|Any CPU
		{882C4112-206D-4908-B46F-9DC67CA97A56}.Debug|Any CPU.Build.0 = Debug|Any CPU
		{882C4112-206D-4908-B46F-9DC67CA97A56}.Release|Any CPU.ActiveCfg = Release|Any CPU
		{882C4112-206D-4908-B46F-9DC67CA97A56}.Release|Any CPU.Build.0 = Release|Any CPU
	EndGlobalSection
	GlobalSection(SolutionProperties) = preSolution
		HideSolutionNode = FALSE
	EndGlobalSection
	GlobalSection(NestedProjects) = preSolution
		{4834B614-4B87-4241-A511-38BE58F776F1} = {00059425-2FBF-46E4-8ED4-86E1CCB994EC}
		{CE23B12A-8D1B-4009-B614-9D9DF171E429} = {00059425-2FBF-46E4-8ED4-86E1CCB994EC}
		{3F1EF09C-377E-4B02-9F65-D446089D2E8E} = {00059425-2FBF-46E4-8ED4-86E1CCB994EC}
		{1E8E4866-1472-47EE-A968-BB0A386C1137} = {8191EBDF-2834-4F8B-A3B2-2122DD67AFB9}
		{1EEF5A60-9078-40F8-8408-53D6C050E2AA} = {D29AFBE8-2937-4B58-BFA6-473AA79DE47F}
		{A2590DDB-4339-4F80-8A38-93BACE6B0B88} = {D29AFBE8-2937-4B58-BFA6-473AA79DE47F}
		{B33E8DBD-8C44-40A3-BFA5-61D542357C5E} = {D29AFBE8-2937-4B58-BFA6-473AA79DE47F}
		{C56CEAFD-E612-43E5-AB62-733B0EE5E405} = {6FAF3C45-203E-4BF1-9076-6E94225738C7}
		{8739709A-3F64-492D-9916-3387DF269CEA} = {6FAF3C45-203E-4BF1-9076-6E94225738C7}
		{4D8ABBAD-3447-46E4-A658-93C2E8E40412} = {6FAF3C45-203E-4BF1-9076-6E94225738C7}
		{18E27975-20E3-46FA-9774-69624BA8BDCA} = {84CE1B54-2529-478E-BEEE-3457EE9E6985}
		{88A9F879-2DA2-4D87-B5DC-21C9232630C8} = {84CE1B54-2529-478E-BEEE-3457EE9E6985}
		{59DB7A33-98FC-4B99-9AA8-95A09BD8DA02} = {84CE1B54-2529-478E-BEEE-3457EE9E6985}
		{4543BBBF-CBFC-4CF2-9A00-38C8DE1301BF} = {84CE1B54-2529-478E-BEEE-3457EE9E6985}
		{1198B814-6DCD-4A23-A0ED-E72EC1ABE91D} = {3C6DB0EC-0E4E-4FB3-AA11-EE52E9D619B8}
		{3C8410B3-46E3-43B2-AD4F-D31DBFEFD491} = {D08AA621-0D12-4FF2-BE7F-2C8042DE58DD}
		{61093B61-E428-4098-9C6E-00B1CD1717B5} = {D08AA621-0D12-4FF2-BE7F-2C8042DE58DD}
		{00682E2C-05B6-4B21-8C33-8C6092491EBD} = {D08AA621-0D12-4FF2-BE7F-2C8042DE58DD}
		{8FBF2710-743C-4BCD-BE34-B5263EA4BC1B} = {3174CE1A-5397-469B-8F2C-75E7640087D0}
		{3E575EDF-F357-4F57-9234-4DBA3627B6C2} = {3174CE1A-5397-469B-8F2C-75E7640087D0}
		{5AC77ED3-8871-4D1E-B3B4-E6070E24B226} = {2AE6D10C-9B32-445F-883D-A3915EFED85B}
		{37E82DD5-5AA2-4482-B5AB-618A6BDCCE6F} = {2AE6D10C-9B32-445F-883D-A3915EFED85B}
		{2BF8E2B0-0602-4D8A-BC44-C53DB28FE4AC} = {2AE6D10C-9B32-445F-883D-A3915EFED85B}
		{5A65EA83-9B65-4842-8A60-8DF89D3C39F9} = {2EAACF8E-742B-49AE-8A22-7F0AE667E225}
		{763C6815-7553-4747-A87E-43A764519998} = {650D6514-A494-4F01-867A-2E02F7FFF920}
		{E5F25BEC-4B13-41F2-A0FF-4E5A3770236B} = {650D6514-A494-4F01-867A-2E02F7FFF920}
		{A88BC311-AF82-4271-9B71-121490C3916A} = {650D6514-A494-4F01-867A-2E02F7FFF920}
		{4C69FE76-6873-4E46-8758-58BBC22D32C7} = {987D8455-D278-4DC7-8064-48CC751E570C}
		{4FC8BE21-17B6-400F-87AE-ED00D7A36DBB} = {987D8455-D278-4DC7-8064-48CC751E570C}
		{E3FC1389-44A7-47E7-8C4F-948FB55B1D96} = {987D8455-D278-4DC7-8064-48CC751E570C}
		{63F747E9-9D76-45C0-839B-078FDD2332C7} = {89522E5A-7929-4BA1-B9BA-335BB774B1B7}
		{D1E74B09-07EA-4280-B89B-178F54A146A6} = {AC94760D-7BE0-4692-91AE-4C9442E14768}
		{7D923E98-EAA7-4E20-979F-1422BF2E2B32} = {AC94760D-7BE0-4692-91AE-4C9442E14768}
		{A77865FF-EC44-49BA-AB2A-C513664644AD} = {AC94760D-7BE0-4692-91AE-4C9442E14768}
		{F5934B66-1216-40BE-AC01-D39E5F9058DA} = {E50F4EA3-9DC3-4CD3-9B7F-4DB7FEF4F27E}
		{B17567BE-0CAD-4FDD-81A8-5021ACD29CE5} = {D779D179-725A-4CCA-8384-63489E1E6D4C}
		{C4564B92-3124-4373-996F-AA49D0618889} = {5671795C-4BB4-47B7-B50A-B4D6EF579759}
		{AB34A209-A75B-49F9-9B7B-BABDBA56CCC6} = {5671795C-4BB4-47B7-B50A-B4D6EF579759}
		{882C4112-206D-4908-B46F-9DC67CA97A56} = {5671795C-4BB4-47B7-B50A-B4D6EF579759}
	EndGlobalSection
	GlobalSection(ExtensibilityGlobals) = postSolution
		SolutionGuid = {49D31998-89B9-4E5C-B718-2780350E50B9}
	EndGlobalSection
EndGlobal
