
Microsoft Visual Studio Solution File, Format Version 12.00
# Visual Studio Version 17
VisualStudioVersion = 17.3.32819.101
MinimumVisualStudioVersion = 10.0.40219.1
Project("{2150E333-8FDC-42A3-9474-1A3956D46DE8}") = "Projects", "Projects", "{5E2AB63C-2FBA-4D7C-BB17-DB333E2DB535}"
EndProject
Project("{9A19103F-16F7-4668-BE54-9A1E7A4F7556}") = "Autotest.Wpf", "Projects\Autotest.Wpf\Autotest.Wpf.csproj", "{43007BB4-DE74-4E7F-BB31-565766FD78BD}"
EndProject
Project("{FAE04EC0-301F-11D3-BF4B-00C04F79EFBC}") = "Avtotest.Database", "Projects\Shared\Avtotest.Database\Avtotest.Database.csproj", "{6DB01CD7-377D-48F1-AE7D-7EC02B31BFF3}"
EndProject
Global
	GlobalSection(SolutionConfigurationPlatforms) = preSolution
		Debug|Any CPU = Debug|Any CPU
		Release|Any CPU = Release|Any CPU
	EndGlobalSection
	GlobalSection(ProjectConfigurationPlatforms) = postSolution
		{43007BB4-DE74-4E7F-BB31-565766FD78BD}.Debug|Any CPU.ActiveCfg = Debug|Any CPU
		{43007BB4-DE74-4E7F-BB31-565766FD78BD}.Debug|Any CPU.Build.0 = Debug|Any CPU
		{43007BB4-DE74-4E7F-BB31-565766FD78BD}.Release|Any CPU.ActiveCfg = Release|Any CPU
		{43007BB4-DE74-4E7F-BB31-565766FD78BD}.Release|Any CPU.Build.0 = Release|Any CPU
		{6DB01CD7-377D-48F1-AE7D-7EC02B31BFF3}.Debug|Any CPU.ActiveCfg = Debug|Any CPU
		{6DB01CD7-377D-48F1-AE7D-7EC02B31BFF3}.Debug|Any CPU.Build.0 = Debug|Any CPU
		{6DB01CD7-377D-48F1-AE7D-7EC02B31BFF3}.Release|Any CPU.ActiveCfg = Release|Any CPU
		{6DB01CD7-377D-48F1-AE7D-7EC02B31BFF3}.Release|Any CPU.Build.0 = Release|Any CPU
	EndGlobalSection
	GlobalSection(SolutionProperties) = preSolution
		HideSolutionNode = FALSE
	EndGlobalSection
	GlobalSection(NestedProjects) = preSolution
		{43007BB4-DE74-4E7F-BB31-565766FD78BD} = {5E2AB63C-2FBA-4D7C-BB17-DB333E2DB535}
		{6DB01CD7-377D-48F1-AE7D-7EC02B31BFF3} = {5E2AB63C-2FBA-4D7C-BB17-DB333E2DB535}
	EndGlobalSection
	GlobalSection(ExtensibilityGlobals) = postSolution
		SolutionGuid = {65978E2F-7839-44B5-919D-350F173CF1EB}
	EndGlobalSection
EndGlobal
