
Microsoft Visual Studio Solution File, Format Version 12.00
# Visual Studio Version 17
VisualStudioVersion = 17.2.32630.192
MinimumVisualStudioVersion = 10.0.40219.1
Project("{9A19103F-16F7-4668-BE54-9A1E7A4F7556}") = "SwitchPatterns", "Lesson3\SwitchPatterns\SwitchPatterns.csproj", "{4834B614-4B87-4241-A511-38BE58F776F1}"
EndProject
Project("{FAE04EC0-301F-11D3-BF4B-00C04F79EFBC}") = "NullableTypes", "Lesson3\NullableTypes\NullableTypes.csproj", "{CE23B12A-8D1B-4009-B614-9D9DF171E429}"
EndProject
Project("{FAE04EC0-301F-11D3-BF4B-00C04F79EFBC}") = "Operators", "Lesson3\Operators\Operators.csproj", "{3F1EF09C-377E-4B02-9F65-D446089D2E8E}"
EndProject
Global
	GlobalSection(SolutionConfigurationPlatforms) = preSolution
		Debug|Any CPU = Debug|Any CPU
		Release|Any CPU = Release|Any CPU
	EndGlobalSection
	GlobalSection(ProjectConfigurationPlatforms) = postSolution
		{4834B614-4B87-4241-A511-38BE58F776F1}.Debug|Any CPU.ActiveCfg = Debug|Any CPU
		{4834B614-4B87-4241-A511-38BE58F776F1}.Debug|Any CPU.Build.0 = Debug|Any CPU
		{4834B614-4B87-4241-A511-38BE58F776F1}.Release|Any CPU.ActiveCfg = Release|Any CPU
		{4834B614-4B87-4241-A511-38BE58F776F1}.Release|Any CPU.Build.0 = Release|Any CPU
		{CE23B12A-8D1B-4009-B614-9D9DF171E429}.Debug|Any CPU.ActiveCfg = Debug|Any CPU
		{CE23B12A-8D1B-4009-B614-9D9DF171E429}.Debug|Any CPU.Build.0 = Debug|Any CPU
		{CE23B12A-8D1B-4009-B614-9D9DF171E429}.Release|Any CPU.ActiveCfg = Release|Any CPU
		{CE23B12A-8D1B-4009-B614-9D9DF171E429}.Release|Any CPU.Build.0 = Release|Any CPU
		{3F1EF09C-377E-4B02-9F65-D446089D2E8E}.Debug|Any CPU.ActiveCfg = Debug|Any CPU
		{3F1EF09C-377E-4B02-9F65-D446089D2E8E}.Debug|Any CPU.Build.0 = Debug|Any CPU
		{3F1EF09C-377E-4B02-9F65-D446089D2E8E}.Release|Any CPU.ActiveCfg = Release|Any CPU
		{3F1EF09C-377E-4B02-9F65-D446089D2E8E}.Release|Any CPU.Build.0 = Release|Any CPU
	EndGlobalSection
	GlobalSection(SolutionProperties) = preSolution
		HideSolutionNode = FALSE
	EndGlobalSection
	GlobalSection(ExtensibilityGlobals) = postSolution
		SolutionGuid = {49D31998-89B9-4E5C-B718-2780350E50B9}
	EndGlobalSection
EndGlobal
