
Microsoft Visual Studio Solution File, Format Version 12.00
# Visual Studio Version 17
VisualStudioVersion = 17.2.32630.192
MinimumVisualStudioVersion = 10.0.40219.1
Project("{9A19103F-16F7-4668-BE54-9A1E7A4F7556}") = "SwitchPatterns", "Lesson3\SwitchPatterns\SwitchPatterns.csproj", "{4834B614-4B87-4241-A511-38BE58F776F1}"
EndProject
Project("{9A19103F-16F7-4668-BE54-9A1E7A4F7556}") = "NullableTypes", "Lesson3\NullableTypes\NullableTypes.csproj", "{CE23B12A-8D1B-4009-B614-9D9DF171E429}"
EndProject
Project("{9A19103F-16F7-4668-BE54-9A1E7A4F7556}") = "Operators", "Lesson3\Operators\Operators.csproj", "{3F1EF09C-377E-4B02-9F65-D446089D2E8E}"
EndProject
Project("{2150E333-8FDC-42A3-9474-1A3956D46DE8}") = "Lesson3", "Lesson3", "{00059425-2FBF-46E4-8ED4-86E1CCB994EC}"
EndProject
Project("{2150E333-8FDC-42A3-9474-1A3956D46DE8}") = "Lesson2", "Lesson2", "{8191EBDF-2834-4F8B-A3B2-2122DD67AFB9}"
EndProject
Project("{9A19103F-16F7-4668-BE54-9A1E7A4F7556}") = "Loops", "Lesson2\Loops\Loops.csproj", "{1E8E4866-1472-47EE-A968-BB0A386C1137}"
EndProject
Project("{2150E333-8FDC-42A3-9474-1A3956D46DE8}") = "Lesson4", "Lesson4", "{D29AFBE8-2937-4B58-BFA6-473AA79DE47F}"
EndProject
Project("{9A19103F-16F7-4668-BE54-9A1E7A4F7556}") = "Operators", "Lesson4\Operators\Operators.csproj", "{1EEF5A60-9078-40F8-8408-53D6C050E2AA}"
EndProject
Project("{9A19103F-16F7-4668-BE54-9A1E7A4F7556}") = "Arrays", "Lesson4\Arrays\Arrays.csproj", "{A2590DDB-4339-4F80-8A38-93BACE6B0B88}"
EndProject
Project("{9A19103F-16F7-4668-BE54-9A1E7A4F7556}") = "DataTypes", "Lesson4\DataTypes\DataTypes.csproj", "{B33E8DBD-8C44-40A3-BFA5-61D542357C5E}"
EndProject
Project("{2150E333-8FDC-42A3-9474-1A3956D46DE8}") = "Lesson5", "Lesson5", "{6FAF3C45-203E-4BF1-9076-6E94225738C7}"
EndProject
Project("{FAE04EC0-301F-11D3-BF4B-00C04F79EFBC}") = "Functions", "Lesson5\Functions\Functions.csproj", "{C56CEAFD-E612-43E5-AB62-733B0EE5E405}"
EndProject
Project("{FAE04EC0-301F-11D3-BF4B-00C04F79EFBC}") = "QuizApp", "Lesson5\QuizApp\QuizApp.csproj", "{8739709A-3F64-492D-9916-3387DF269CEA}"
EndProject
Project("{FAE04EC0-301F-11D3-BF4B-00C04F79EFBC}") = "Collections", "Lesson5\Collections\Collections.csproj", "{4D8ABBAD-3447-46E4-A658-93C2E8E40412}"
EndProject
Global
	GlobalSection(SolutionConfigurationPlatforms) = preSolution
		Debug|Any CPU = Debug|Any CPU
		Release|Any CPU = Release|Any CPU
	EndGlobalSection
	GlobalSection(ProjectConfigurationPlatforms) = postSolution
		{4834B614-4B87-4241-A511-38BE58F776F1}.Debug|Any CPU.ActiveCfg = Debug|Any CPU
		{4834B614-4B87-4241-A511-38BE58F776F1}.Debug|Any CPU.Build.0 = Debug|Any CPU
		{4834B614-4B87-4241-A511-38BE58F776F1}.Release|Any CPU.ActiveCfg = Release|Any CPU
		{4834B614-4B87-4241-A511-38BE58F776F1}.Release|Any CPU.Build.0 = Release|Any CPU
		{CE23B12A-8D1B-4009-B614-9D9DF171E429}.Debug|Any CPU.ActiveCfg = Debug|Any CPU
		{CE23B12A-8D1B-4009-B614-9D9DF171E429}.Debug|Any CPU.Build.0 = Debug|Any CPU
		{CE23B12A-8D1B-4009-B614-9D9DF171E429}.Release|Any CPU.ActiveCfg = Release|Any CPU
		{CE23B12A-8D1B-4009-B614-9D9DF171E429}.Release|Any CPU.Build.0 = Release|Any CPU
		{3F1EF09C-377E-4B02-9F65-D446089D2E8E}.Debug|Any CPU.ActiveCfg = Debug|Any CPU
		{3F1EF09C-377E-4B02-9F65-D446089D2E8E}.Debug|Any CPU.Build.0 = Debug|Any CPU
		{3F1EF09C-377E-4B02-9F65-D446089D2E8E}.Release|Any CPU.ActiveCfg = Release|Any CPU
		{3F1EF09C-377E-4B02-9F65-D446089D2E8E}.Release|Any CPU.Build.0 = Release|Any CPU
		{1E8E4866-1472-47EE-A968-BB0A386C1137}.Debug|Any CPU.ActiveCfg = Debug|Any CPU
		{1E8E4866-1472-47EE-A968-BB0A386C1137}.Debug|Any CPU.Build.0 = Debug|Any CPU
		{1E8E4866-1472-47EE-A968-BB0A386C1137}.Release|Any CPU.ActiveCfg = Release|Any CPU
		{1E8E4866-1472-47EE-A968-BB0A386C1137}.Release|Any CPU.Build.0 = Release|Any CPU
		{1EEF5A60-9078-40F8-8408-53D6C050E2AA}.Debug|Any CPU.ActiveCfg = Debug|Any CPU
		{1EEF5A60-9078-40F8-8408-53D6C050E2AA}.Debug|Any CPU.Build.0 = Debug|Any CPU
		{1EEF5A60-9078-40F8-8408-53D6C050E2AA}.Release|Any CPU.ActiveCfg = Release|Any CPU
		{1EEF5A60-9078-40F8-8408-53D6C050E2AA}.Release|Any CPU.Build.0 = Release|Any CPU
		{A2590DDB-4339-4F80-8A38-93BACE6B0B88}.Debug|Any CPU.ActiveCfg = Debug|Any CPU
		{A2590DDB-4339-4F80-8A38-93BACE6B0B88}.Debug|Any CPU.Build.0 = Debug|Any CPU
		{A2590DDB-4339-4F80-8A38-93BACE6B0B88}.Release|Any CPU.ActiveCfg = Release|Any CPU
		{A2590DDB-4339-4F80-8A38-93BACE6B0B88}.Release|Any CPU.Build.0 = Release|Any CPU
		{B33E8DBD-8C44-40A3-BFA5-61D542357C5E}.Debug|Any CPU.ActiveCfg = Debug|Any CPU
		{B33E8DBD-8C44-40A3-BFA5-61D542357C5E}.Debug|Any CPU.Build.0 = Debug|Any CPU
		{B33E8DBD-8C44-40A3-BFA5-61D542357C5E}.Release|Any CPU.ActiveCfg = Release|Any CPU
		{B33E8DBD-8C44-40A3-BFA5-61D542357C5E}.Release|Any CPU.Build.0 = Release|Any CPU
		{C56CEAFD-E612-43E5-AB62-733B0EE5E405}.Debug|Any CPU.ActiveCfg = Debug|Any CPU
		{C56CEAFD-E612-43E5-AB62-733B0EE5E405}.Debug|Any CPU.Build.0 = Debug|Any CPU
		{C56CEAFD-E612-43E5-AB62-733B0EE5E405}.Release|Any CPU.ActiveCfg = Release|Any CPU
		{C56CEAFD-E612-43E5-AB62-733B0EE5E405}.Release|Any CPU.Build.0 = Release|Any CPU
		{8739709A-3F64-492D-9916-3387DF269CEA}.Debug|Any CPU.ActiveCfg = Debug|Any CPU
		{8739709A-3F64-492D-9916-3387DF269CEA}.Debug|Any CPU.Build.0 = Debug|Any CPU
		{8739709A-3F64-492D-9916-3387DF269CEA}.Release|Any CPU.ActiveCfg = Release|Any CPU
		{8739709A-3F64-492D-9916-3387DF269CEA}.Release|Any CPU.Build.0 = Release|Any CPU
		{4D8ABBAD-3447-46E4-A658-93C2E8E40412}.Debug|Any CPU.ActiveCfg = Debug|Any CPU
		{4D8ABBAD-3447-46E4-A658-93C2E8E40412}.Debug|Any CPU.Build.0 = Debug|Any CPU
		{4D8ABBAD-3447-46E4-A658-93C2E8E40412}.Release|Any CPU.ActiveCfg = Release|Any CPU
		{4D8ABBAD-3447-46E4-A658-93C2E8E40412}.Release|Any CPU.Build.0 = Release|Any CPU
	EndGlobalSection
	GlobalSection(SolutionProperties) = preSolution
		HideSolutionNode = FALSE
	EndGlobalSection
	GlobalSection(NestedProjects) = preSolution
		{4834B614-4B87-4241-A511-38BE58F776F1} = {00059425-2FBF-46E4-8ED4-86E1CCB994EC}
		{CE23B12A-8D1B-4009-B614-9D9DF171E429} = {00059425-2FBF-46E4-8ED4-86E1CCB994EC}
		{3F1EF09C-377E-4B02-9F65-D446089D2E8E} = {00059425-2FBF-46E4-8ED4-86E1CCB994EC}
		{1E8E4866-1472-47EE-A968-BB0A386C1137} = {8191EBDF-2834-4F8B-A3B2-2122DD67AFB9}
		{1EEF5A60-9078-40F8-8408-53D6C050E2AA} = {D29AFBE8-2937-4B58-BFA6-473AA79DE47F}
		{A2590DDB-4339-4F80-8A38-93BACE6B0B88} = {D29AFBE8-2937-4B58-BFA6-473AA79DE47F}
		{B33E8DBD-8C44-40A3-BFA5-61D542357C5E} = {D29AFBE8-2937-4B58-BFA6-473AA79DE47F}
		{C56CEAFD-E612-43E5-AB62-733B0EE5E405} = {6FAF3C45-203E-4BF1-9076-6E94225738C7}
		{8739709A-3F64-492D-9916-3387DF269CEA} = {6FAF3C45-203E-4BF1-9076-6E94225738C7}
		{4D8ABBAD-3447-46E4-A658-93C2E8E40412} = {6FAF3C45-203E-4BF1-9076-6E94225738C7}
	EndGlobalSection
	GlobalSection(ExtensibilityGlobals) = postSolution
		SolutionGuid = {49D31998-89B9-4E5C-B718-2780350E50B9}
	EndGlobalSection
EndGlobal
